{
  "name": "swallow-error",
  "version": "1.0.0",
  "lockfileVersion": 1,
  "requires": true,
  "dependencies": {
    "@oresoftware/json-stream-parser": {
      "version": "0.0.111",
      "resolved": "https://registry.npmjs.org/@oresoftware/json-stream-parser/-/json-stream-parser-0.0.111.tgz",
      "integrity": "sha512-C6qIGvw81wk22QC9bKc7r+aTNLkgTeQFPpLVB+t3owcBcKg8v5m717XlVqIUAvw/1UcsjNg8BG9DWaQqrn34Fg=="
    }
  }
}
